
Microsoft Visual Studio Solution File, Format Version 12.00
# Visual Studio Version 17
VisualStudioVersion = 17.14.36401.2
MinimumVisualStudioVersion = 10.0.40219.1
Project("{FAE04EC0-301F-11D3-BF4B-00C04F79EFBC}") = "NABE", "NABE\NABE.csproj", "{AACF7B39-BC13-4506-97F3-2E1AE1F4D8F3}"
EndProject
Project("{FAE04EC0-301F-11D3-BF4B-00C04F79EFBC}") = "NABE_Movil", "NABE_Movil\NABE_Movil.csproj", "{C61322E6-A17C-424D-8309-60D14803A3F9}"
EndProject
Global
	GlobalSection(SolutionConfigurationPlatforms) = preSolution
		Debug|Any CPU = Debug|Any CPU
		Release|Any CPU = Release|Any CPU
	EndGlobalSection
	GlobalSection(ProjectConfigurationPlatforms) = postSolution
		{AACF7B39-BC13-4506-97F3-2E1AE1F4D8F3}.Debug|Any CPU.ActiveCfg = Debug|Any CPU
		{AACF7B39-BC13-4506-97F3-2E1AE1F4D8F3}.Debug|Any CPU.Build.0 = Debug|Any CPU
		{AACF7B39-BC13-4506-97F3-2E1AE1F4D8F3}.Release|Any CPU.ActiveCfg = Release|Any CPU
		{AACF7B39-BC13-4506-97F3-2E1AE1F4D8F3}.Release|Any CPU.Build.0 = Release|Any CPU
		{C61322E6-A17C-424D-8309-60D14803A3F9}.Debug|Any CPU.ActiveCfg = Debug|Any CPU
		{C61322E6-A17C-424D-8309-60D14803A3F9}.Debug|Any CPU.Build.0 = Debug|Any CPU
		{C61322E6-A17C-424D-8309-60D14803A3F9}.Release|Any CPU.ActiveCfg = Release|Any CPU
		{C61322E6-A17C-424D-8309-60D14803A3F9}.Release|Any CPU.Build.0 = Release|Any CPU
	EndGlobalSection
	GlobalSection(SolutionProperties) = preSolution
		HideSolutionNode = FALSE
	EndGlobalSection
	GlobalSection(ExtensibilityGlobals) = postSolution
		SolutionGuid = {5785E3AF-969E-465F-8696-8FAC1553611F}
	EndGlobalSection
EndGlobal
